// !$*UTF8*$!
{
	archiveVersion = 1;
	classes = {
	};
	objectVersion = 55;
	objects = {

/* Begin PBXBuildFile section */
		287F501D28AA414A00ADDC64 /* AppDelegate.swift in Sources */ = {isa = PBXBuildFile; fileRef = 287F501C28AA414A00ADDC64 /* AppDelegate.swift */; };
		287F502128AA414A00ADDC64 /* ViewController.swift in Sources */ = {isa = PBXBuildFile; fileRef = 287F502028AA414A00ADDC64 /* ViewController.swift */; };
		287F502628AA414C00ADDC64 /* Assets.xcassets in Resources */ = {isa = PBXBuildFile; fileRef = 287F502528AA414C00ADDC64 /* Assets.xcassets */; };
		287F502928AA414C00ADDC64 /* LaunchScreen.storyboard in Resources */ = {isa = PBXBuildFile; fileRef = 287F502728AA414C00ADDC64 /* LaunchScreen.storyboard */; };
		287F503428AA414C00ADDC64 /* ReflecterTests.swift in Sources */ = {isa = PBXBuildFile; fileRef = 287F503328AA414C00ADDC64 /* ReflecterTests.swift */; };
		28AC109428AA43C700E5C6B5 /* DictionaryReflectable.swift in Sources */ = {isa = PBXBuildFile; fileRef = 28AC109328AA43C700E5C6B5 /* DictionaryReflectable.swift */; };
		28AC109628AA43DD00E5C6B5 /* AssociatedValueReflectable.swift in Sources */ = {isa = PBXBuildFile; fileRef = 28AC109528AA43DD00E5C6B5 /* AssociatedValueReflectable.swift */; };
		28AC109728AB42B000E5C6B5 /* DictionaryReflectable.swift in Sources */ = {isa = PBXBuildFile; fileRef = 28AC109328AA43C700E5C6B5 /* DictionaryReflectable.swift */; };
		28AC109828AB42B300E5C6B5 /* AssociatedValueReflectable.swift in Sources */ = {isa = PBXBuildFile; fileRef = 28AC109528AA43DD00E5C6B5 /* AssociatedValueReflectable.swift */; };
		28AC109A28AB819600E5C6B5 /* StructTests.swift in Sources */ = {isa = PBXBuildFile; fileRef = 28AC109928AB819600E5C6B5 /* StructTests.swift */; };
		28AC109C28AB81D900E5C6B5 /* ClassTests.swift in Sources */ = {isa = PBXBuildFile; fileRef = 28AC109B28AB81D900E5C6B5 /* ClassTests.swift */; };
/* End PBXBuildFile section */

/* Begin PBXContainerItemProxy section */
		287F503028AA414C00ADDC64 /* PBXContainerItemProxy */ = {
			isa = PBXContainerItemProxy;
			containerPortal = 287F501128AA414A00ADDC64 /* Project object */;
			proxyType = 1;
			remoteGlobalIDString = 287F501828AA414A00ADDC64;
			remoteInfo = Reflecter;
		};
/* End PBXContainerItemProxy section */

/* Begin PBXFileReference section */
		287F501928AA414A00ADDC64 /* Reflecter.app */ = {isa = PBXFileReference; explicitFileType = wrapper.application; includeInIndex = 0; path = Reflecter.app; sourceTree = BUILT_PRODUCTS_DIR; };
		287F501C28AA414A00ADDC64 /* AppDelegate.swift */ = {isa = PBXFileReference; lastKnownFileType = sourcecode.swift; path = AppDelegate.swift; sourceTree = "<group>"; };
		287F502028AA414A00ADDC64 /* ViewController.swift */ = {isa = PBXFileReference; lastKnownFileType = sourcecode.swift; path = ViewController.swift; sourceTree = "<group>"; };
		287F502528AA414C00ADDC64 /* Assets.xcassets */ = {isa = PBXFileReference; lastKnownFileType = folder.assetcatalog; path = Assets.xcassets; sourceTree = "<group>"; };
		287F502828AA414C00ADDC64 /* Base */ = {isa = PBXFileReference; lastKnownFileType = file.storyboard; name = Base; path = Base.lproj/LaunchScreen.storyboard; sourceTree = "<group>"; };
		287F502A28AA414C00ADDC64 /* Info.plist */ = {isa = PBXFileReference; lastKnownFileType = text.plist.xml; path = Info.plist; sourceTree = "<group>"; };
		287F502F28AA414C00ADDC64 /* ReflecterTests.xctest */ = {isa = PBXFileReference; explicitFileType = wrapper.cfbundle; includeInIndex = 0; path = ReflecterTests.xctest; sourceTree = BUILT_PRODUCTS_DIR; };
		287F503328AA414C00ADDC64 /* ReflecterTests.swift */ = {isa = PBXFileReference; lastKnownFileType = sourcecode.swift; path = ReflecterTests.swift; sourceTree = "<group>"; };
		28AC109328AA43C700E5C6B5 /* DictionaryReflectable.swift */ = {isa = PBXFileReference; fileEncoding = 4; lastKnownFileType = sourcecode.swift; path = DictionaryReflectable.swift; sourceTree = "<group>"; };
		28AC109528AA43DD00E5C6B5 /* AssociatedValueReflectable.swift */ = {isa = PBXFileReference; lastKnownFileType = sourcecode.swift; path = AssociatedValueReflectable.swift; sourceTree = "<group>"; };
		28AC109928AB819600E5C6B5 /* StructTests.swift */ = {isa = PBXFileReference; lastKnownFileType = sourcecode.swift; path = StructTests.swift; sourceTree = "<group>"; };
		28AC109B28AB81D900E5C6B5 /* ClassTests.swift */ = {isa = PBXFileReference; lastKnownFileType = sourcecode.swift; path = ClassTests.swift; sourceTree = "<group>"; };
/* End PBXFileReference section */

/* Begin PBXFrameworksBuildPhase section */
		287F501628AA414A00ADDC64 /* Frameworks */ = {
			isa = PBXFrameworksBuildPhase;
			buildActionMask = 2147483647;
			files = (
			);
			runOnlyForDeploymentPostprocessing = 0;
		};
		287F502C28AA414C00ADDC64 /* Frameworks */ = {
			isa = PBXFrameworksBuildPhase;
			buildActionMask = 2147483647;
			files = (
			);
			runOnlyForDeploymentPostprocessing = 0;
		};
/* End PBXFrameworksBuildPhase section */

/* Begin PBXGroup section */
		287F501028AA414A00ADDC64 = {
			isa = PBXGroup;
			children = (
				287F501B28AA414A00ADDC64 /* Reflecter */,
				287F503228AA414C00ADDC64 /* ReflecterTests */,
				287F501A28AA414A00ADDC64 /* Products */,
			);
			sourceTree = "<group>";
		};
		287F501A28AA414A00ADDC64 /* Products */ = {
			isa = PBXGroup;
			children = (
				287F501928AA414A00ADDC64 /* Reflecter.app */,
				287F502F28AA414C00ADDC64 /* ReflecterTests.xctest */,
			);
			name = Products;
			sourceTree = "<group>";
		};
		287F501B28AA414A00ADDC64 /* Reflecter */ = {
			isa = PBXGroup;
			children = (
				28AC109228AA43C700E5C6B5 /* Reflecter */,
				287F501C28AA414A00ADDC64 /* AppDelegate.swift */,
				287F502028AA414A00ADDC64 /* ViewController.swift */,
				287F502528AA414C00ADDC64 /* Assets.xcassets */,
				287F502728AA414C00ADDC64 /* LaunchScreen.storyboard */,
				287F502A28AA414C00ADDC64 /* Info.plist */,
			);
			path = Reflecter;
			sourceTree = "<group>";
		};
		287F503228AA414C00ADDC64 /* ReflecterTests */ = {
			isa = PBXGroup;
			children = (
				287F503328AA414C00ADDC64 /* ReflecterTests.swift */,
				28AC109928AB819600E5C6B5 /* StructTests.swift */,
				28AC109B28AB81D900E5C6B5 /* ClassTests.swift */,
			);
			path = ReflecterTests;
			sourceTree = "<group>";
		};
		28AC109228AA43C700E5C6B5 /* Reflecter */ = {
			isa = PBXGroup;
			children = (
				28AC109328AA43C700E5C6B5 /* DictionaryReflectable.swift */,
				28AC109528AA43DD00E5C6B5 /* AssociatedValueReflectable.swift */,
			);
			name = Reflecter;
			path = ../../Reflecter;
			sourceTree = "<group>";
		};
/* End PBXGroup section */

/* Begin PBXNativeTarget section */
		287F501828AA414A00ADDC64 /* Reflecter */ = {
			isa = PBXNativeTarget;
			buildConfigurationList = 287F504328AA414D00ADDC64 /* Build configuration list for PBXNativeTarget "Reflecter" */;
			buildPhases = (
				287F501528AA414A00ADDC64 /* Sources */,
				287F501628AA414A00ADDC64 /* Frameworks */,
				287F501728AA414A00ADDC64 /* Resources */,
			);
			buildRules = (
			);
			dependencies = (
			);
			name = Reflecter;
			productName = Reflecter;
			productReference = 287F501928AA414A00ADDC64 /* Reflecter.app */;
			productType = "com.apple.product-type.application";
		};
		287F502E28AA414C00ADDC64 /* ReflecterTests */ = {
			isa = PBXNativeTarget;
			buildConfigurationList = 287F504628AA414D00ADDC64 /* Build configuration list for PBXNativeTarget "ReflecterTests" */;
			buildPhases = (
				287F502B28AA414C00ADDC64 /* Sources */,
				287F502C28AA414C00ADDC64 /* Frameworks */,
				287F502D28AA414C00ADDC64 /* Resources */,
			);
			buildRules = (
			);
			dependencies = (
				287F503128AA414C00ADDC64 /* PBXTargetDependency */,
			);
			name = ReflecterTests;
			productName = ReflecterTests;
			productReference = 287F502F28AA414C00ADDC64 /* ReflecterTests.xctest */;
			productType = "com.apple.product-type.bundle.unit-test";
		};
/* End PBXNativeTarget section */

/* Begin PBXProject section */
		287F501128AA414A00ADDC64 /* Project object */ = {
			isa = PBXProject;
			attributes = {
				BuildIndependentTargetsInParallel = 1;
				LastSwiftUpdateCheck = 1340;
				LastUpgradeCheck = 1340;
				TargetAttributes = {
					287F501828AA414A00ADDC64 = {
						CreatedOnToolsVersion = 13.4.1;
					};
					287F502E28AA414C00ADDC64 = {
						CreatedOnToolsVersion = 13.4.1;
						TestTargetID = 287F501828AA414A00ADDC64;
					};
				};
			};
			buildConfigurationList = 287F501428AA414A00ADDC64 /* Build configuration list for PBXProject "Reflecter" */;
			compatibilityVersion = "Xcode 13.0";
			developmentRegion = en;
			hasScannedForEncodings = 0;
			knownRegions = (
				en,
				Base,
			);
			mainGroup = 287F501028AA414A00ADDC64;
			productRefGroup = 287F501A28AA414A00ADDC64 /* Products */;
			projectDirPath = "";
			projectRoot = "";
			targets = (
				287F501828AA414A00ADDC64 /* Reflecter */,
				287F502E28AA414C00ADDC64 /* ReflecterTests */,
			);
		};
/* End PBXProject section */

/* Begin PBXResourcesBuildPhase section */
		287F501728AA414A00ADDC64 /* Resources */ = {
			isa = PBXResourcesBuildPhase;
			buildActionMask = 2147483647;
			files = (
				287F502928AA414C00ADDC64 /* LaunchScreen.storyboard in Resources */,
				287F502628AA414C00ADDC64 /* Assets.xcassets in Resources */,
			);
			runOnlyForDeploymentPostprocessing = 0;
		};
		287F502D28AA414C00ADDC64 /* Resources */ = {
			isa = PBXResourcesBuildPhase;
			buildActionMask = 2147483647;
			files = (
			);
			runOnlyForDeploymentPostprocessing = 0;
		};
/* End PBXResourcesBuildPhase section */

/* Begin PBXSourcesBuildPhase section */
		287F501528AA414A00ADDC64 /* Sources */ = {
			isa = PBXSourcesBuildPhase;
			buildActionMask = 2147483647;
			files = (
				287F502128AA414A00ADDC64 /* ViewController.swift in Sources */,
				28AC109428AA43C700E5C6B5 /* DictionaryReflectable.swift in Sources */,
				28AC109628AA43DD00E5C6B5 /* AssociatedValueReflectable.swift in Sources */,
				287F501D28AA414A00ADDC64 /* AppDelegate.swift in Sources */,
			);
			runOnlyForDeploymentPostprocessing = 0;
		};
		287F502B28AA414C00ADDC64 /* Sources */ = {
			isa = PBXSourcesBuildPhase;
			buildActionMask = 2147483647;
			files = (
				28AC109A28AB819600E5C6B5 /* StructTests.swift in Sources */,
				28AC109C28AB81D900E5C6B5 /* ClassTests.swift in Sources */,
				287F503428AA414C00ADDC64 /* ReflecterTests.swift in Sources */,
				28AC109728AB42B000E5C6B5 /* DictionaryReflectable.swift in Sources */,
				28AC109828AB42B300E5C6B5 /* AssociatedValueReflectable.swift in Sources */,
			);
			runOnlyForDeploymentPostprocessing = 0;
		};
/* End PBXSourcesBuildPhase section */

/* Begin PBXTargetDependency section */
		287F503128AA414C00ADDC64 /* PBXTargetDependency */ = {
			isa = PBXTargetDependency;
			target = 287F501828AA414A00ADDC64 /* Reflecter */;
			targetProxy = 287F503028AA414C00ADDC64 /* PBXContainerItemProxy */;
		};
/* End PBXTargetDependency section */

/* Begin PBXVariantGroup section */
		287F502728AA414C00ADDC64 /* LaunchScreen.storyboard */ = {
			isa = PBXVariantGroup;
			children = (
				287F502828AA414C00ADDC64 /* Base */,
			);
			name = LaunchScreen.storyboard;
			sourceTree = "<group>";
		};
/* End PBXVariantGroup section */

/* Begin XCBuildConfiguration section */
		287F504128AA414D00ADDC64 /* Debug */ = {
			isa = XCBuildConfiguration;
			buildSettings = {
				ALWAYS_SEARCH_USER_PATHS = NO;
				CLANG_ANALYZER_NONNULL = YES;
				CLANG_ANALYZER_NUMBER_OBJECT_CONVERSION = YES_AGGRESSIVE;
				CLANG_CXX_LANGUAGE_STANDARD = "gnu++17";
				CLANG_ENABLE_MODULES = YES;
				CLANG_ENABLE_OBJC_ARC = YES;
				CLANG_ENABLE_OBJC_WEAK = YES;
				CLANG_WARN_BLOCK_CAPTURE_AUTORELEASING = YES;
				CLANG_WARN_BOOL_CONVERSION = YES;
				CLANG_WARN_COMMA = YES;
				CLANG_WARN_CONSTANT_CONVERSION = YES;
				CLANG_WARN_DEPRECATED_OBJC_IMPLEMENTATIONS = YES;
				CLANG_WARN_DIRECT_OBJC_ISA_USAGE = YES_ERROR;
				CLANG_WARN_DOCUMENTATION_COMMENTS = YES;
				CLANG_WARN_EMPTY_BODY = YES;
				CLANG_WARN_ENUM_CONVERSION = YES;
				CLANG_WARN_INFINITE_RECURSION = YES;
				CLANG_WARN_INT_CONVERSION = YES;
				CLANG_WARN_NON_LITERAL_NULL_CONVERSION = YES;
				CLANG_WARN_OBJC_IMPLICIT_RETAIN_SELF = YES;
				CLANG_WARN_OBJC_LITERAL_CONVERSION = YES;
				CLANG_WARN_OBJC_ROOT_CLASS = YES_ERROR;
				CLANG_WARN_QUOTED_INCLUDE_IN_FRAMEWORK_HEADER = YES;
				CLANG_WARN_RANGE_LOOP_ANALYSIS = YES;
				CLANG_WARN_STRICT_PROTOTYPES = YES;
				CLANG_WARN_SUSPICIOUS_MOVE = YES;
				CLANG_WARN_UNGUARDED_AVAILABILITY = YES_AGGRESSIVE;
				CLANG_WARN_UNREACHABLE_CODE = YES;
				CLANG_WARN__DUPLICATE_METHOD_MATCH = YES;
				COPY_PHASE_STRIP = NO;
				DEBUG_INFORMATION_FORMAT = dwarf;
				ENABLE_STRICT_OBJC_MSGSEND = YES;
				ENABLE_TESTABILITY = YES;
				GCC_C_LANGUAGE_STANDARD = gnu11;
				GCC_DYNAMIC_NO_PIC = NO;
				GCC_NO_COMMON_BLOCKS = YES;
				GCC_OPTIMIZATION_LEVEL = 0;
				GCC_PREPROCESSOR_DEFINITIONS = (
					"DEBUG=1",
					"$(inherited)",
				);
				GCC_WARN_64_TO_32_BIT_CONVERSION = YES;
				GCC_WARN_ABOUT_RETURN_TYPE = YES_ERROR;
				GCC_WARN_UNDECLARED_SELECTOR = YES;
				GCC_WARN_UNINITIALIZED_AUTOS = YES_AGGRESSIVE;
				GCC_WARN_UNUSED_FUNCTION = YES;
				GCC_WARN_UNUSED_VARIABLE = YES;
				IPHONEOS_DEPLOYMENT_TARGET = 15.5;
				MTL_ENABLE_DEBUG_INFO = INCLUDE_SOURCE;
				MTL_FAST_MATH = YES;
				ONLY_ACTIVE_ARCH = YES;
				SDKROOT = iphoneos;
				SWIFT_ACTIVE_COMPILATION_CONDITIONS = DEBUG;
				SWIFT_OPTIMIZATION_LEVEL = "-Onone";
			};
			name = Debug;
		};
		287F504228AA414D00ADDC64 /* Release */ = {
			isa = XCBuildConfiguration;
			buildSettings = {
				ALWAYS_SEARCH_USER_PATHS = NO;
				CLANG_ANALYZER_NONNULL = YES;
				CLANG_ANALYZER_NUMBER_OBJECT_CONVERSION = YES_AGGRESSIVE;
				CLANG_CXX_LANGUAGE_STANDARD = "gnu++17";
				CLANG_ENABLE_MODULES = YES;
				CLANG_ENABLE_OBJC_ARC = YES;
				CLANG_ENABLE_OBJC_WEAK = YES;
				CLANG_WARN_BLOCK_CAPTURE_AUTORELEASING = YES;
				CLANG_WARN_BOOL_CONVERSION = YES;
				CLANG_WARN_COMMA = YES;
				CLANG_WARN_CONSTANT_CONVERSION = YES;
				CLANG_WARN_DEPRECATED_OBJC_IMPLEMENTATIONS = YES;
				CLANG_WARN_DIRECT_OBJC_ISA_USAGE = YES_ERROR;
				CLANG_WARN_DOCUMENTATION_COMMENTS = YES;
				CLANG_WARN_EMPTY_BODY = YES;
				CLANG_WARN_ENUM_CONVERSION = YES;
				CLANG_WARN_INFINITE_RECURSION = YES;
				CLANG_WARN_INT_CONVERSION = YES;
				CLANG_WARN_NON_LITERAL_NULL_CONVERSION = YES;
				CLANG_WARN_OBJC_IMPLICIT_RETAIN_SELF = YES;
				CLANG_WARN_OBJC_LITERAL_CONVERSION = YES;
				CLANG_WARN_OBJC_ROOT_CLASS = YES_ERROR;
				CLANG_WARN_QUOTED_INCLUDE_IN_FRAMEWORK_HEADER = YES;
				CLANG_WARN_RANGE_LOOP_ANALYSIS = YES;
				CLANG_WARN_STRICT_PROTOTYPES = YES;
				CLANG_WARN_SUSPICIOUS_MOVE = YES;
				CLANG_WARN_UNGUARDED_AVAILABILITY = YES_AGGRESSIVE;
				CLANG_WARN_UNREACHABLE_CODE = YES;
				CLANG_WARN__DUPLICATE_METHOD_MATCH = YES;
				COPY_PHASE_STRIP = NO;
				DEBUG_INFORMATION_FORMAT = "dwarf-with-dsym";
				ENABLE_NS_ASSERTIONS = NO;
				ENABLE_STRICT_OBJC_MSGSEND = YES;
				GCC_C_LANGUAGE_STANDARD = gnu11;
				GCC_NO_COMMON_BLOCKS = YES;
				GCC_WARN_64_TO_32_BIT_CONVERSION = YES;
				GCC_WARN_ABOUT_RETURN_TYPE = YES_ERROR;
				GCC_WARN_UNDECLARED_SELECTOR = YES;
				GCC_WARN_UNINITIALIZED_AUTOS = YES_AGGRESSIVE;
				GCC_WARN_UNUSED_FUNCTION = YES;
				GCC_WARN_UNUSED_VARIABLE = YES;
				IPHONEOS_DEPLOYMENT_TARGET = 15.5;
				MTL_ENABLE_DEBUG_INFO = NO;
				MTL_FAST_MATH = YES;
				SDKROOT = iphoneos;
				SWIFT_COMPILATION_MODE = wholemodule;
				SWIFT_OPTIMIZATION_LEVEL = "-O";
				VALIDATE_PRODUCT = YES;
			};
			name = Release;
		};
		287F504428AA414D00ADDC64 /* Debug */ = {
			isa = XCBuildConfiguration;
			buildSettings = {
				ASSETCATALOG_COMPILER_APPICON_NAME = AppIcon;
				ASSETCATALOG_COMPILER_GLOBAL_ACCENT_COLOR_NAME = AccentColor;
				CODE_SIGN_STYLE = Automatic;
				CURRENT_PROJECT_VERSION = 1;
				GENERATE_INFOPLIST_FILE = YES;
				INFOPLIST_FILE = Reflecter/Info.plist;
				INFOPLIST_KEY_UIApplicationSupportsIndirectInputEvents = YES;
				INFOPLIST_KEY_UILaunchStoryboardName = LaunchScreen;
				INFOPLIST_KEY_UISupportedInterfaceOrientations_iPad = "UIInterfaceOrientationPortrait UIInterfaceOrientationPortraitUpsideDown UIInterfaceOrientationLandscapeLeft UIInterfaceOrientationLandscapeRight";
				INFOPLIST_KEY_UISupportedInterfaceOrientations_iPhone = "UIInterfaceOrientationPortrait UIInterfaceOrientationLandscapeLeft UIInterfaceOrientationLandscapeRight";
				IPHONEOS_DEPLOYMENT_TARGET = 13.0;
				LD_RUNPATH_SEARCH_PATHS = (
					"$(inherited)",
					"@executable_path/Frameworks",
				);
				MARKETING_VERSION = 1.0;
				PRODUCT_BUNDLE_IDENTIFIER = LiuChang.Reflecter;
				PRODUCT_NAME = "$(TARGET_NAME)";
				SWIFT_EMIT_LOC_STRINGS = YES;
				SWIFT_VERSION = 5.0;
				TARGETED_DEVICE_FAMILY = "1,2";
			};
			name = Debug;
		};
		287F504528AA414D00ADDC64 /* Release */ = {
			isa = XCBuildConfiguration;
			buildSettings = {
				ASSETCATALOG_COMPILER_APPICON_NAME = AppIcon;
				ASSETCATALOG_COMPILER_GLOBAL_ACCENT_COLOR_NAME = AccentColor;
				CODE_SIGN_STYLE = Automatic;
				CURRENT_PROJECT_VERSION = 1;
				GENERATE_INFOPLIST_FILE = YES;
				INFOPLIST_FILE = Reflecter/Info.plist;
				INFOPLIST_KEY_UIApplicationSupportsIndirectInputEvents = YES;
				INFOPLIST_KEY_UILaunchStoryboardName = LaunchScreen;
				INFOPLIST_KEY_UISupportedInterfaceOrientations_iPad = "UIInterfaceOrientationPortrait UIInterfaceOrientationPortraitUpsideDown UIInterfaceOrientationLandscapeLeft UIInterfaceOrientationLandscapeRight";
				INFOPLIST_KEY_UISupportedInterfaceOrientations_iPhone = "UIInterfaceOrientationPortrait UIInterfaceOrientationLandscapeLeft UIInterfaceOrientationLandscapeRight";
				IPHONEOS_DEPLOYMENT_TARGET = 13.0;
				LD_RUNPATH_SEARCH_PATHS = (
					"$(inherited)",
					"@executable_path/Frameworks",
				);
				MARKETING_VERSION = 1.0;
				PRODUCT_BUNDLE_IDENTIFIER = LiuChang.Reflecter;
				PRODUCT_NAME = "$(TARGET_NAME)";
				SWIFT_EMIT_LOC_STRINGS = YES;
				SWIFT_VERSION = 5.0;
				TARGETED_DEVICE_FAMILY = "1,2";
			};
			name = Release;
		};
		287F504728AA414D00ADDC64 /* Debug */ = {
			isa = XCBuildConfiguration;
			buildSettings = {
				ALWAYS_EMBED_SWIFT_STANDARD_LIBRARIES = YES;
				BUNDLE_LOADER = "$(TEST_HOST)";
				CODE_SIGN_STYLE = Automatic;
				CURRENT_PROJECT_VERSION = 1;
				GENERATE_INFOPLIST_FILE = YES;
				IPHONEOS_DEPLOYMENT_TARGET = 15.5;
				MARKETING_VERSION = 1.0;
				PRODUCT_BUNDLE_IDENTIFIER = LiuChang.ReflecterTests;
				PRODUCT_NAME = "$(TARGET_NAME)";
				SWIFT_EMIT_LOC_STRINGS = NO;
				SWIFT_VERSION = 5.0;
				TARGETED_DEVICE_FAMILY = "1,2";
				TEST_HOST = "$(BUILT_PRODUCTS_DIR)/Reflecter.app/Reflecter";
			};
			name = Debug;
		};
		287F504828AA414D00ADDC64 /* Release */ = {
			isa = XCBuildConfiguration;
			buildSettings = {
				ALWAYS_EMBED_SWIFT_STANDARD_LIBRARIES = YES;
				BUNDLE_LOADER = "$(TEST_HOST)";
				CODE_SIGN_STYLE = Automatic;
				CURRENT_PROJECT_VERSION = 1;
				GENERATE_INFOPLIST_FILE = YES;
				IPHONEOS_DEPLOYMENT_TARGET = 15.5;
				MARKETING_VERSION = 1.0;
				PRODUCT_BUNDLE_IDENTIFIER = LiuChang.ReflecterTests;
				PRODUCT_NAME = "$(TARGET_NAME)";
				SWIFT_EMIT_LOC_STRINGS = NO;
				SWIFT_VERSION = 5.0;
				TARGETED_DEVICE_FAMILY = "1,2";
				TEST_HOST = "$(BUILT_PRODUCTS_DIR)/Reflecter.app/Reflecter";
			};
			name = Release;
		};
/* End XCBuildConfiguration section */

/* Begin XCConfigurationList section */
		287F501428AA414A00ADDC64 /* Build configuration list for PBXProject "Reflecter" */ = {
			isa = XCConfigurationList;
			buildConfigurations = (
				287F504128AA414D00ADDC64 /* Debug */,
				287F504228AA414D00ADDC64 /* Release */,
			);
			defaultConfigurationIsVisible = 0;
			defaultConfigurationName = Release;
		};
		287F504328AA414D00ADDC64 /* Build configuration list for PBXNativeTarget "Reflecter" */ = {
			isa = XCConfigurationList;
			buildConfigurations = (
				287F504428AA414D00ADDC64 /* Debug */,
				287F504528AA414D00ADDC64 /* Release */,
			);
			defaultConfigurationIsVisible = 0;
			defaultConfigurationName = Release;
		};
		287F504628AA414D00ADDC64 /* Build configuration list for PBXNativeTarget "ReflecterTests" */ = {
			isa = XCConfigurationList;
			buildConfigurations = (
				287F504728AA414D00ADDC64 /* Debug */,
				287F504828AA414D00ADDC64 /* Release */,
			);
			defaultConfigurationIsVisible = 0;
			defaultConfigurationName = Release;
		};
/* End XCConfigurationList section */
	};
	rootObject = 287F501128AA414A00ADDC64 /* Project object */;
}
